# Pinned reference implementation (PROJECT_CONTEXT §3.2, PAR-1).
# Pinned by decision D-05 (2026-10-05).
# Re-pinning is a dedicated pull request with regenerated fixtures and a diff report.
status = "pinned"

[pprof_py]
repository = "https://github.com/UM-KevinHe/pprof_py"
commit = "9320766e35e5b385d596a2b75418192098a124c4"
tag = "v0.7.0"
tag_object = "9849f6c349088eee5007d312867fc45f253181da"
version = "0.7.0"
commit_date = "2026-10-03"
license = "MIT"
# Not published on PyPI; the fixture pipeline installs it from this commit.
# Nothing under pprof_py/models/survival differs from v0.5.0 (d3d92a1).

[python]
# The fixture environment; reference/fixtures/requirements.txt pins every package.
python = "3.12.3"
numpy = "2.5.3"
scipy = "1.18.1"
pandas = "3.0.6"
numba = "0.68.0"
llvmlite = "0.50.0"

[r]
# Ubuntu 24.04 archive packages: the versions pprof_py documents for its R validation.
r = "4.3.3"
survival = "3.5-8"
ubuntu_packages = ["r-base-core=4.3.3-2build2", "r-cran-survival=3.5-8-1"]
# The logistic slice 2b fixtures (D-34) use sandwich 3.1-0 for the cluster-robust references.
sandwich = "3.1-0"
# Needed only by later families: glmnet 4.1-8 (penalized), lme4 1.1-35.1 (random effects).

[r_pprof]
# R pprof (MIT), the R counterpart of pprof_py, from the CRAN mirror on GitHub (tag 1.0.3). Only
# src/Fixed_effect.cpp's SerBIN (logis_BIN_fe_prov) is used: compiled with Rcpp::sourceCpp for the
# logistic fixed-effect fixtures (D-30), with Ubuntu 24.04's r-cran-rcpp 1.0.12,
# r-cran-rcpparmadillo 0.12.8.1.0 and r-cran-rcppparallel 5.1.7.
repository = "https://github.com/cran/pprof"
version = "1.0.3"
commit = "1efc4040de386900a7eeed222e478b18b77a6ff2"
license = "MIT"

[r_pprof.sha256]
"Fixed_effect.cpp" = "7bae54fc00c9d26450696b86a89b477b51379fa9479fb91c20dcc8394b7b2256"
"header.h" = "70b6f61a13eeabaebda886a8e632a8841d0dc3fa702abac4489eaefba8ddea3b"
"myomp.h" = "cdfcae72160d813e281f1df98ad3dc72e83fcf80bc0ca1d8f115c66b45888673"
"test.logis_fe.R" = "01c04a465b9660bd3205dea07dd3000c860ec2d4566ceabe5b9a53be3729db75"

[r_poibin]
# poibin (GPL-2; run only, never ported), needed by R pprof's exact test for the slice 2c fixtures (D-35).
repository = "https://github.com/cran/poibin"
version = "1.6"
commit = "495606131efd7d3ae35eb718a68b373929e80fef"
