# Pinned reference implementation (PROJECT_CONTEXT §3.2, PAR-1).
# Pinned by decision D-05 (2026-10-05).
# Re-pinning is a dedicated pull request with regenerated fixtures and a diff report.
status = "pinned"

[pprof_py]
repository = "https://github.com/UM-KevinHe/pprof_py"
commit = "9320766e35e5b385d596a2b75418192098a124c4"
tag = "v0.7.0"
tag_object = "9849f6c349088eee5007d312867fc45f253181da"
version = "0.7.0"
commit_date = "2026-10-03"
license = "MIT"
# Not published on PyPI; the fixture pipeline installs it from this commit.
# Nothing under pprof_py/models/survival differs from v0.5.0 (d3d92a1).

[python]
# Fixed by the fixture-pipeline round.
python = ""
numpy = ""
scipy = ""
pandas = ""
numba = ""

[r]
# Versions pprof_py documents for its R validation (README at the candidate commit), written
# as CRAN version strings. To be confirmed by the fixture-pipeline round.
r = "4.3.3"
survival = "3.5-8"
glmnet = "4.1-8"
lme4 = "1.1-35.1"
